
Microsoft Visual Studio Solution File, Format Version 11.00
# Visual Studio 2010
Project("{FAE04EC0-301F-11D3-BF4B-00C04F79EFBC}") = "MultiplayerFPSV2", "Assembly-CSharp-firstpass.csproj", "{AFF127F2-D399-6B26-406D-2F300DA8AA63}"
EndProject
Project("{FAE04EC0-301F-11D3-BF4B-00C04F79EFBC}") = "MultiplayerFPSV2", "Assembly-CSharp.csproj", "{1CAF65DC-0FE4-97C3-AC5B-5AC37CAFF4E8}"
EndProject
Project("{FAE04EC0-301F-11D3-BF4B-00C04F79EFBC}") = "MultiplayerFPSV2", "Assembly-CSharp-Editor-firstpass.csproj", "{9EF5EA12-4157-F8D2-0B8C-A9D4EE700821}"
EndProject
Global
	GlobalSection(SolutionConfigurationPlatforms) = preSolution
		Debug|Any CPU = Debug|Any CPU
		Release|Any CPU = Release|Any CPU
	EndGlobalSection
	GlobalSection(ProjectConfigurationPlatforms) = postSolution
		{AFF127F2-D399-6B26-406D-2F300DA8AA63}.Debug|Any CPU.ActiveCfg = Debug|Any CPU
		{AFF127F2-D399-6B26-406D-2F300DA8AA63}.Debug|Any CPU.Build.0 = Debug|Any CPU
		{AFF127F2-D399-6B26-406D-2F300DA8AA63}.Release|Any CPU.ActiveCfg = Release|Any CPU
		{AFF127F2-D399-6B26-406D-2F300DA8AA63}.Release|Any CPU.Build.0 = Release|Any CPU
		{1CAF65DC-0FE4-97C3-AC5B-5AC37CAFF4E8}.Debug|Any CPU.ActiveCfg = Debug|Any CPU
		{1CAF65DC-0FE4-97C3-AC5B-5AC37CAFF4E8}.Debug|Any CPU.Build.0 = Debug|Any CPU
		{1CAF65DC-0FE4-97C3-AC5B-5AC37CAFF4E8}.Release|Any CPU.ActiveCfg = Release|Any CPU
		{1CAF65DC-0FE4-97C3-AC5B-5AC37CAFF4E8}.Release|Any CPU.Build.0 = Release|Any CPU
		{9EF5EA12-4157-F8D2-0B8C-A9D4EE700821}.Debug|Any CPU.ActiveCfg = Debug|Any CPU
		{9EF5EA12-4157-F8D2-0B8C-A9D4EE700821}.Debug|Any CPU.Build.0 = Debug|Any CPU
		{9EF5EA12-4157-F8D2-0B8C-A9D4EE700821}.Release|Any CPU.ActiveCfg = Release|Any CPU
		{9EF5EA12-4157-F8D2-0B8C-A9D4EE700821}.Release|Any CPU.Build.0 = Release|Any CPU
	EndGlobalSection
	GlobalSection(SolutionProperties) = preSolution
		HideSolutionNode = FALSE
	EndGlobalSection
	GlobalSection(MonoDevelopProperties) = preSolution
		StartupItem = Assembly-CSharp.csproj
	EndGlobalSection
EndGlobal
